
Microsoft Visual Studio Solution File, Format Version 12.00
# Visual Studio Version 17
VisualStudioVersion = 17.5.2.0
MinimumVisualStudioVersion = 10.0.40219.1
Project("{FAE04EC0-301F-11D3-BF4B-00C04F79EFBC}") = "ProgramaçãoNaPratica", "ProgramaçãoNaPratica.csproj", "{A871B6F3-FFD6-74D5-EB4C-5DDE5BCE26B2}"
EndProject
Global
	GlobalSection(SolutionConfigurationPlatforms) = preSolution
		Debug|Any CPU = Debug|Any CPU
		Release|Any CPU = Release|Any CPU
	EndGlobalSection
	GlobalSection(ProjectConfigurationPlatforms) = postSolution
		{A871B6F3-FFD6-74D5-EB4C-5DDE5BCE26B2}.Debug|Any CPU.ActiveCfg = Debug|Any CPU
		{A871B6F3-FFD6-74D5-EB4C-5DDE5BCE26B2}.Debug|Any CPU.Build.0 = Debug|Any CPU
		{A871B6F3-FFD6-74D5-EB4C-5DDE5BCE26B2}.Release|Any CPU.ActiveCfg = Release|Any CPU
		{A871B6F3-FFD6-74D5-EB4C-5DDE5BCE26B2}.Release|Any CPU.Build.0 = Release|Any CPU
	EndGlobalSection
	GlobalSection(SolutionProperties) = preSolution
		HideSolutionNode = FALSE
	EndGlobalSection
	GlobalSection(ExtensibilityGlobals) = postSolution
		SolutionGuid = {AC52ACA4-DE37-47C6-8A39-865FE5EAD50B}
	EndGlobalSection
EndGlobal
